{
  "name": "rollup-issues",
  "version": "1.0.0",
  "lockfileVersion": 1,
  "requires": true,
  "dependencies": {
    "rollup": {
      "version": "0.56.1",
      "resolved": "https://registry.npmjs.org/rollup/-/rollup-0.56.1.tgz",
      "integrity": "sha512-CEUfHuMXoq+Xu4e84+AErdWeIwL/ynboZe37avc6bldEFkl2mJtKPGbdJ7A5kH68uLuKLj72ZJjlBDkuWjrSrQ=="
    }
  }
}
